// !$*UTF8*$!
{
	archiveVersion = 1;
	classes = {
	};
	objectVersion = 46;
	objects = {

/* Begin PBXBuildFile section */
		5E5B1E201B822AFC0087D21A /* AppDelegate.swift in Sources */ = {isa = PBXBuildFile; fileRef = 5E5B1E1F1B822AFC0087D21A /* AppDelegate.swift */; };
		5E5B1E221B822AFC0087D21A /* PlannerViewController.swift in Sources */ = {isa = PBXBuildFile; fileRef = 5E5B1E211B822AFC0087D21A /* PlannerViewController.swift */; };
		5E5B1E241B822AFC0087D21A /* FavoritesViewController.swift in Sources */ = {isa = PBXBuildFile; fileRef = 5E5B1E231B822AFC0087D21A /* FavoritesViewController.swift */; };
		5E5B1E271B822AFC0087D21A /* Main.storyboard in Resources */ = {isa = PBXBuildFile; fileRef = 5E5B1E251B822AFC0087D21A /* Main.storyboard */; };
		5E5B1E291B822AFC0087D21A /* Images.xcassets in Resources */ = {isa = PBXBuildFile; fileRef = 5E5B1E281B822AFC0087D21A /* Images.xcassets */; };
		5E5B1E2C1B822AFC0087D21A /* LaunchScreen.xib in Resources */ = {isa = PBXBuildFile; fileRef = 5E5B1E2A1B822AFC0087D21A /* LaunchScreen.xib */; };
		5E5B1E381B822AFC0087D21A /* xFuelTests.swift in Sources */ = {isa = PBXBuildFile; fileRef = 5E5B1E371B822AFC0087D21A /* xFuelTests.swift */; };
/* End PBXBuildFile section */

/* Begin PBXContainerItemProxy section */
		5E5B1E321B822AFC0087D21A /* PBXContainerItemProxy */ = {
			isa = PBXContainerItemProxy;
			containerPortal = 5E5B1E121B822AFC0087D21A /* Project object */;
			proxyType = 1;
			remoteGlobalIDString = 5E5B1E191B822AFC0087D21A;
			remoteInfo = xFuel;
		};
/* End PBXContainerItemProxy section */

/* Begin PBXFileReference section */
		5E5B1E1A1B822AFC0087D21A /* xFuel.app */ = {isa = PBXFileReference; explicitFileType = wrapper.application; includeInIndex = 0; path = xFuel.app; sourceTree = BUILT_PRODUCTS_DIR; };
		5E5B1E1E1B822AFC0087D21A /* Info.plist */ = {isa = PBXFileReference; lastKnownFileType = text.plist.xml; path = Info.plist; sourceTree = "<group>"; };
		5E5B1E1F1B822AFC0087D21A /* AppDelegate.swift */ = {isa = PBXFileReference; lastKnownFileType = sourcecode.swift; path = AppDelegate.swift; sourceTree = "<group>"; };
		5E5B1E211B822AFC0087D21A /* PlannerViewController.swift */ = {isa = PBXFileReference; lastKnownFileType = sourcecode.swift; path = PlannerViewController.swift; sourceTree = "<group>"; };
		5E5B1E231B822AFC0087D21A /* FavoritesViewController.swift */ = {isa = PBXFileReference; lastKnownFileType = sourcecode.swift; path = FavoritesViewController.swift; sourceTree = "<group>"; };
		5E5B1E261B822AFC0087D21A /* Base */ = {isa = PBXFileReference; lastKnownFileType = file.storyboard; name = Base; path = Base.lproj/Main.storyboard; sourceTree = "<group>"; };
		5E5B1E281B822AFC0087D21A /* Images.xcassets */ = {isa = PBXFileReference; lastKnownFileType = folder.assetcatalog; path = Images.xcassets; sourceTree = "<group>"; };
		5E5B1E2B1B822AFC0087D21A /* Base */ = {isa = PBXFileReference; lastKnownFileType = file.xib; name = Base; path = Base.lproj/LaunchScreen.xib; sourceTree = "<group>"; };
		5E5B1E311B822AFC0087D21A /* xFuelTests.xctest */ = {isa = PBXFileReference; explicitFileType = wrapper.cfbundle; includeInIndex = 0; path = xFuelTests.xctest; sourceTree = BUILT_PRODUCTS_DIR; };
		5E5B1E361B822AFC0087D21A /* Info.plist */ = {isa = PBXFileReference; lastKnownFileType = text.plist.xml; path = Info.plist; sourceTree = "<group>"; };
		5E5B1E371B822AFC0087D21A /* xFuelTests.swift */ = {isa = PBXFileReference; lastKnownFileType = sourcecode.swift; path = xFuelTests.swift; sourceTree = "<group>"; };
/* End PBXFileReference section */

/* Begin PBXFrameworksBuildPhase section */
		5E5B1E171B822AFC0087D21A /* Frameworks */ = {
			isa = PBXFrameworksBuildPhase;
			buildActionMask = 2147483647;
			files = (
			);
			runOnlyForDeploymentPostprocessing = 0;
		};
		5E5B1E2E1B822AFC0087D21A /* Frameworks */ = {
			isa = PBXFrameworksBuildPhase;
			buildActionMask = 2147483647;
			files = (
			);
			runOnlyForDeploymentPostprocessing = 0;
		};
/* End PBXFrameworksBuildPhase section */

/* Begin PBXGroup section */
		5E5B1E111B822AFC0087D21A = {
			isa = PBXGroup;
			children = (
				5E5B1E1C1B822AFC0087D21A /* xFuel */,
				5E5B1E341B822AFC0087D21A /* xFuelTests */,
				5E5B1E1B1B822AFC0087D21A /* Products */,
			);
			sourceTree = "<group>";
		};
		5E5B1E1B1B822AFC0087D21A /* Products */ = {
			isa = PBXGroup;
			children = (
				5E5B1E1A1B822AFC0087D21A /* xFuel.app */,
				5E5B1E311B822AFC0087D21A /* xFuelTests.xctest */,
			);
			name = Products;
			sourceTree = "<group>";
		};
		5E5B1E1C1B822AFC0087D21A /* xFuel */ = {
			isa = PBXGroup;
			children = (
				5E5B1E1F1B822AFC0087D21A /* AppDelegate.swift */,
				5E5B1E211B822AFC0087D21A /* PlannerViewController.swift */,
				5E5B1E231B822AFC0087D21A /* FavoritesViewController.swift */,
				5E5B1E251B822AFC0087D21A /* Main.storyboard */,
				5E5B1E281B822AFC0087D21A /* Images.xcassets */,
				5E5B1E2A1B822AFC0087D21A /* LaunchScreen.xib */,
				5E5B1E1D1B822AFC0087D21A /* Supporting Files */,
			);
			path = xFuel;
			sourceTree = "<group>";
		};
		5E5B1E1D1B822AFC0087D21A /* Supporting Files */ = {
			isa = PBXGroup;
			children = (
				5E5B1E1E1B822AFC0087D21A /* Info.plist */,
			);
			name = "Supporting Files";
			sourceTree = "<group>";
		};
		5E5B1E341B822AFC0087D21A /* xFuelTests */ = {
			isa = PBXGroup;
			children = (
				5E5B1E371B822AFC0087D21A /* xFuelTests.swift */,
				5E5B1E351B822AFC0087D21A /* Supporting Files */,
			);
			path = xFuelTests;
			sourceTree = "<group>";
		};
		5E5B1E351B822AFC0087D21A /* Supporting Files */ = {
			isa = PBXGroup;
			children = (
				5E5B1E361B822AFC0087D21A /* Info.plist */,
			);
			name = "Supporting Files";
			sourceTree = "<group>";
		};
/* End PBXGroup section */

/* Begin PBXNativeTarget section */
		5E5B1E191B822AFC0087D21A /* xFuel */ = {
			isa = PBXNativeTarget;
			buildConfigurationList = 5E5B1E3B1B822AFC0087D21A /* Build configuration list for PBXNativeTarget "xFuel" */;
			buildPhases = (
				5E5B1E161B822AFC0087D21A /* Sources */,
				5E5B1E171B822AFC0087D21A /* Frameworks */,
				5E5B1E181B822AFC0087D21A /* Resources */,
			);
			buildRules = (
			);
			dependencies = (
			);
			name = xFuel;
			productName = xFuel;
			productReference = 5E5B1E1A1B822AFC0087D21A /* xFuel.app */;
			productType = "com.apple.product-type.application";
		};
		5E5B1E301B822AFC0087D21A /* xFuelTests */ = {
			isa = PBXNativeTarget;
			buildConfigurationList = 5E5B1E3E1B822AFC0087D21A /* Build configuration list for PBXNativeTarget "xFuelTests" */;
			buildPhases = (
				5E5B1E2D1B822AFC0087D21A /* Sources */,
				5E5B1E2E1B822AFC0087D21A /* Frameworks */,
				5E5B1E2F1B822AFC0087D21A /* Resources */,
			);
			buildRules = (
			);
			dependencies = (
				5E5B1E331B822AFC0087D21A /* PBXTargetDependency */,
			);
			name = xFuelTests;
			productName = xFuelTests;
			productReference = 5E5B1E311B822AFC0087D21A /* xFuelTests.xctest */;
			productType = "com.apple.product-type.bundle.unit-test";
		};
/* End PBXNativeTarget section */

/* Begin PBXProject section */
		5E5B1E121B822AFC0087D21A /* Project object */ = {
			isa = PBXProject;
			attributes = {
				LastUpgradeCheck = 0640;
				ORGANIZATIONNAME = "Zygote Labs";
				TargetAttributes = {
					5E5B1E191B822AFC0087D21A = {
						CreatedOnToolsVersion = 6.4;
						DevelopmentTeam = WAEHDX6R94;
					};
					5E5B1E301B822AFC0087D21A = {
						CreatedOnToolsVersion = 6.4;
						TestTargetID = 5E5B1E191B822AFC0087D21A;
					};
				};
			};
			buildConfigurationList = 5E5B1E151B822AFC0087D21A /* Build configuration list for PBXProject "xFuel" */;
			compatibilityVersion = "Xcode 3.2";
			developmentRegion = English;
			hasScannedForEncodings = 0;
			knownRegions = (
				en,
				Base,
			);
			mainGroup = 5E5B1E111B822AFC0087D21A;
			productRefGroup = 5E5B1E1B1B822AFC0087D21A /* Products */;
			projectDirPath = "";
			projectRoot = "";
			targets = (
				5E5B1E191B822AFC0087D21A /* xFuel */,
				5E5B1E301B822AFC0087D21A /* xFuelTests */,
			);
		};
/* End PBXProject section */

/* Begin PBXResourcesBuildPhase section */
		5E5B1E181B822AFC0087D21A /* Resources */ = {
			isa = PBXResourcesBuildPhase;
			buildActionMask = 2147483647;
			files = (
				5E5B1E271B822AFC0087D21A /* Main.storyboard in Resources */,
				5E5B1E2C1B822AFC0087D21A /* LaunchScreen.xib in Resources */,
				5E5B1E291B822AFC0087D21A /* Images.xcassets in Resources */,
			);
			runOnlyForDeploymentPostprocessing = 0;
		};
		5E5B1E2F1B822AFC0087D21A /* Resources */ = {
			isa = PBXResourcesBuildPhase;
			buildActionMask = 2147483647;
			files = (
			);
			runOnlyForDeploymentPostprocessing = 0;
		};
/* End PBXResourcesBuildPhase section */

/* Begin PBXSourcesBuildPhase section */
		5E5B1E161B822AFC0087D21A /* Sources */ = {
			isa = PBXSourcesBuildPhase;
			buildActionMask = 2147483647;
			files = (
				5E5B1E241B822AFC0087D21A /* FavoritesViewController.swift in Sources */,
				5E5B1E201B822AFC0087D21A /* AppDelegate.swift in Sources */,
				5E5B1E221B822AFC0087D21A /* PlannerViewController.swift in Sources */,
			);
			runOnlyForDeploymentPostprocessing = 0;
		};
		5E5B1E2D1B822AFC0087D21A /* Sources */ = {
			isa = PBXSourcesBuildPhase;
			buildActionMask = 2147483647;
			files = (
				5E5B1E381B822AFC0087D21A /* xFuelTests.swift in Sources */,
			);
			runOnlyForDeploymentPostprocessing = 0;
		};
/* End PBXSourcesBuildPhase section */

/* Begin PBXTargetDependency section */
		5E5B1E331B822AFC0087D21A /* PBXTargetDependency */ = {
			isa = PBXTargetDependency;
			target = 5E5B1E191B822AFC0087D21A /* xFuel */;
			targetProxy = 5E5B1E321B822AFC0087D21A /* PBXContainerItemProxy */;
		};
/* End PBXTargetDependency section */

/* Begin PBXVariantGroup section */
		5E5B1E251B822AFC0087D21A /* Main.storyboard */ = {
			isa = PBXVariantGroup;
			children = (
				5E5B1E261B822AFC0087D21A /* Base */,
			);
			name = Main.storyboard;
			sourceTree = "<group>";
		};
		5E5B1E2A1B822AFC0087D21A /* LaunchScreen.xib */ = {
			isa = PBXVariantGroup;
			children = (
				5E5B1E2B1B822AFC0087D21A /* Base */,
			);
			name = LaunchScreen.xib;
			sourceTree = "<group>";
		};
/* End PBXVariantGroup section */

/* Begin XCBuildConfiguration section */
		5E5B1E391B822AFC0087D21A /* Debug */ = {
			isa = XCBuildConfiguration;
			buildSettings = {
				ALWAYS_SEARCH_USER_PATHS = NO;
				CLANG_CXX_LANGUAGE_STANDARD = "gnu++0x";
				CLANG_CXX_LIBRARY = "libc++";
				CLANG_ENABLE_MODULES = YES;
				CLANG_ENABLE_OBJC_ARC = YES;
				CLANG_WARN_BOOL_CONVERSION = YES;
				CLANG_WARN_CONSTANT_CONVERSION = YES;
				CLANG_WARN_DIRECT_OBJC_ISA_USAGE = YES_ERROR;
				CLANG_WARN_EMPTY_BODY = YES;
				CLANG_WARN_ENUM_CONVERSION = YES;
				CLANG_WARN_INT_CONVERSION = YES;
				CLANG_WARN_OBJC_ROOT_CLASS = YES_ERROR;
				CLANG_WARN_UNREACHABLE_CODE = YES;
				CLANG_WARN__DUPLICATE_METHOD_MATCH = YES;
				"CODE_SIGN_IDENTITY[sdk=iphoneos*]" = "iPhone Developer";
				COPY_PHASE_STRIP = NO;
				DEBUG_INFORMATION_FORMAT = "dwarf-with-dsym";
				ENABLE_STRICT_OBJC_MSGSEND = YES;
				GCC_C_LANGUAGE_STANDARD = gnu99;
				GCC_DYNAMIC_NO_PIC = NO;
				GCC_NO_COMMON_BLOCKS = YES;
				GCC_OPTIMIZATION_LEVEL = 0;
				GCC_PREPROCESSOR_DEFINITIONS = (
					"DEBUG=1",
					"$(inherited)",
				);
				GCC_SYMBOLS_PRIVATE_EXTERN = NO;
				GCC_WARN_64_TO_32_BIT_CONVERSION = YES;
				GCC_WARN_ABOUT_RETURN_TYPE = YES_ERROR;
				GCC_WARN_UNDECLARED_SELECTOR = YES;
				GCC_WARN_UNINITIALIZED_AUTOS = YES_AGGRESSIVE;
				GCC_WARN_UNUSED_FUNCTION = YES;
				GCC_WARN_UNUSED_VARIABLE = YES;
				IPHONEOS_DEPLOYMENT_TARGET = 8.4;
				MTL_ENABLE_DEBUG_INFO = YES;
				ONLY_ACTIVE_ARCH = YES;
				SDKROOT = iphoneos;
				SWIFT_OPTIMIZATION_LEVEL = "-Onone";
			};
			name = Debug;
		};
		5E5B1E3A1B822AFC0087D21A /* Release */ = {
			isa = XCBuildConfiguration;
			buildSettings = {
				ALWAYS_SEARCH_USER_PATHS = NO;
				CLANG_CXX_LANGUAGE_STANDARD = "gnu++0x";
				CLANG_CXX_LIBRARY = "libc++";
				CLANG_ENABLE_MODULES = YES;
				CLANG_ENABLE_OBJC_ARC = YES;
				CLANG_WARN_BOOL_CONVERSION = YES;
				CLANG_WARN_CONSTANT_CONVERSION = YES;
				CLANG_WARN_DIRECT_OBJC_ISA_USAGE = YES_ERROR;
				CLANG_WARN_EMPTY_BODY = YES;
				CLANG_WARN_ENUM_CONVERSION = YES;
				CLANG_WARN_INT_CONVERSION = YES;
				CLANG_WARN_OBJC_ROOT_CLASS = YES_ERROR;
				CLANG_WARN_UNREACHABLE_CODE = YES;
				CLANG_WARN__DUPLICATE_METHOD_MATCH = YES;
				"CODE_SIGN_IDENTITY[sdk=iphoneos*]" = "iPhone Developer";
				COPY_PHASE_STRIP = NO;
				DEBUG_INFORMATION_FORMAT = "dwarf-with-dsym";
				ENABLE_NS_ASSERTIONS = NO;
				ENABLE_STRICT_OBJC_MSGSEND = YES;
				GCC_C_LANGUAGE_STANDARD = gnu99;
				GCC_NO_COMMON_BLOCKS = YES;
				GCC_WARN_64_TO_32_BIT_CONVERSION = YES;
				GCC_WARN_ABOUT_RETURN_TYPE = YES_ERROR;
				GCC_WARN_UNDECLARED_SELECTOR = YES;
				GCC_WARN_UNINITIALIZED_AUTOS = YES_AGGRESSIVE;
				GCC_WARN_UNUSED_FUNCTION = YES;
				GCC_WARN_UNUSED_VARIABLE = YES;
				IPHONEOS_DEPLOYMENT_TARGET = 8.4;
				MTL_ENABLE_DEBUG_INFO = NO;
				SDKROOT = iphoneos;
				VALIDATE_PRODUCT = YES;
			};
			name = Release;
		};
		5E5B1E3C1B822AFC0087D21A /* Debug */ = {
			isa = XCBuildConfiguration;
			buildSettings = {
				ASSETCATALOG_COMPILER_APPICON_NAME = AppIcon;
				CODE_SIGN_IDENTITY = "iPhone Developer";
				"CODE_SIGN_IDENTITY[sdk=iphoneos*]" = "iPhone Developer";
				INFOPLIST_FILE = xFuel/Info.plist;
				LD_RUNPATH_SEARCH_PATHS = "$(inherited) @executable_path/Frameworks";
				PRODUCT_NAME = "$(TARGET_NAME)";
				PROVISIONING_PROFILE = "";
			};
			name = Debug;
		};
		5E5B1E3D1B822AFC0087D21A /* Release */ = {
			isa = XCBuildConfiguration;
			buildSettings = {
				ASSETCATALOG_COMPILER_APPICON_NAME = AppIcon;
				CODE_SIGN_IDENTITY = "iPhone Developer";
				"CODE_SIGN_IDENTITY[sdk=iphoneos*]" = "iPhone Developer";
				INFOPLIST_FILE = xFuel/Info.plist;
				LD_RUNPATH_SEARCH_PATHS = "$(inherited) @executable_path/Frameworks";
				PRODUCT_NAME = "$(TARGET_NAME)";
				PROVISIONING_PROFILE = "";
			};
			name = Release;
		};
		5E5B1E3F1B822AFC0087D21A /* Debug */ = {
			isa = XCBuildConfiguration;
			buildSettings = {
				BUNDLE_LOADER = "$(TEST_HOST)";
				FRAMEWORK_SEARCH_PATHS = (
					"$(SDKROOT)/Developer/Library/Frameworks",
					"$(inherited)",
				);
				GCC_PREPROCESSOR_DEFINITIONS = (
					"DEBUG=1",
					"$(inherited)",
				);
				INFOPLIST_FILE = xFuelTests/Info.plist;
				LD_RUNPATH_SEARCH_PATHS = "$(inherited) @executable_path/Frameworks @loader_path/Frameworks";
				PRODUCT_NAME = "$(TARGET_NAME)";
				TEST_HOST = "$(BUILT_PRODUCTS_DIR)/xFuel.app/xFuel";
			};
			name = Debug;
		};
		5E5B1E401B822AFC0087D21A /* Release */ = {
			isa = XCBuildConfiguration;
			buildSettings = {
				BUNDLE_LOADER = "$(TEST_HOST)";
				FRAMEWORK_SEARCH_PATHS = (
					"$(SDKROOT)/Developer/Library/Frameworks",
					"$(inherited)",
				);
				INFOPLIST_FILE = xFuelTests/Info.plist;
				LD_RUNPATH_SEARCH_PATHS = "$(inherited) @executable_path/Frameworks @loader_path/Frameworks";
				PRODUCT_NAME = "$(TARGET_NAME)";
				TEST_HOST = "$(BUILT_PRODUCTS_DIR)/xFuel.app/xFuel";
			};
			name = Release;
		};
/* End XCBuildConfiguration section */

/* Begin XCConfigurationList section */
		5E5B1E151B822AFC0087D21A /* Build configuration list for PBXProject "xFuel" */ = {
			isa = XCConfigurationList;
			buildConfigurations = (
				5E5B1E391B822AFC0087D21A /* Debug */,
				5E5B1E3A1B822AFC0087D21A /* Release */,
			);
			defaultConfigurationIsVisible = 0;
			defaultConfigurationName = Release;
		};
		5E5B1E3B1B822AFC0087D21A /* Build configuration list for PBXNativeTarget "xFuel" */ = {
			isa = XCConfigurationList;
			buildConfigurations = (
				5E5B1E3C1B822AFC0087D21A /* Debug */,
				5E5B1E3D1B822AFC0087D21A /* Release */,
			);
			defaultConfigurationIsVisible = 0;
			defaultConfigurationName = Release;
		};
		5E5B1E3E1B822AFC0087D21A /* Build configuration list for PBXNativeTarget "xFuelTests" */ = {
			isa = XCConfigurationList;
			buildConfigurations = (
				5E5B1E3F1B822AFC0087D21A /* Debug */,
				5E5B1E401B822AFC0087D21A /* Release */,
			);
			defaultConfigurationIsVisible = 0;
			defaultConfigurationName = Release;
		};
/* End XCConfigurationList section */
	};
	rootObject = 5E5B1E121B822AFC0087D21A /* Project object */;
}
