// !$*UTF8*$!
{
	archiveVersion = 1;
	classes = {
	};
	objectVersion = 46;
	objects = {

/* Begin PBXBuildFile section */
		DC8238B61B90FD1700D28AFD /* AppDelegate.swift in Sources */ = {isa = PBXBuildFile; fileRef = DC8238B51B90FD1700D28AFD /* AppDelegate.swift */; };
		DC8238B91B90FD1700D28AFD /* Test.xcdatamodeld in Sources */ = {isa = PBXBuildFile; fileRef = DC8238B71B90FD1700D28AFD /* Test.xcdatamodeld */; };
		DC8238BB1B90FD1700D28AFD /* MasterViewController.swift in Sources */ = {isa = PBXBuildFile; fileRef = DC8238BA1B90FD1700D28AFD /* MasterViewController.swift */; };
		DC8238BD1B90FD1700D28AFD /* DetailViewController.swift in Sources */ = {isa = PBXBuildFile; fileRef = DC8238BC1B90FD1700D28AFD /* DetailViewController.swift */; };
		DC8238C01B90FD1700D28AFD /* Main.storyboard in Resources */ = {isa = PBXBuildFile; fileRef = DC8238BE1B90FD1700D28AFD /* Main.storyboard */; };
		DC8238C21B90FD1700D28AFD /* Images.xcassets in Resources */ = {isa = PBXBuildFile; fileRef = DC8238C11B90FD1700D28AFD /* Images.xcassets */; };
		DC8238C51B90FD1700D28AFD /* LaunchScreen.xib in Resources */ = {isa = PBXBuildFile; fileRef = DC8238C31B90FD1700D28AFD /* LaunchScreen.xib */; };
		DC8238D11B90FD1700D28AFD /* TestTests.swift in Sources */ = {isa = PBXBuildFile; fileRef = DC8238D01B90FD1700D28AFD /* TestTests.swift */; };
/* End PBXBuildFile section */

/* Begin PBXContainerItemProxy section */
		DC8238CB1B90FD1700D28AFD /* PBXContainerItemProxy */ = {
			isa = PBXContainerItemProxy;
			containerPortal = DC8238A81B90FD1700D28AFD /* Project object */;
			proxyType = 1;
			remoteGlobalIDString = DC8238AF1B90FD1700D28AFD;
			remoteInfo = Test;
		};
/* End PBXContainerItemProxy section */

/* Begin PBXFileReference section */
		DC8238B01B90FD1700D28AFD /* Test.app */ = {isa = PBXFileReference; explicitFileType = wrapper.application; includeInIndex = 0; path = Test.app; sourceTree = BUILT_PRODUCTS_DIR; };
		DC8238B41B90FD1700D28AFD /* Info.plist */ = {isa = PBXFileReference; lastKnownFileType = text.plist.xml; path = Info.plist; sourceTree = "<group>"; };
		DC8238B51B90FD1700D28AFD /* AppDelegate.swift */ = {isa = PBXFileReference; lastKnownFileType = sourcecode.swift; path = AppDelegate.swift; sourceTree = "<group>"; };
		DC8238B81B90FD1700D28AFD /* Test.xcdatamodel */ = {isa = PBXFileReference; lastKnownFileType = wrapper.xcdatamodel; path = Test.xcdatamodel; sourceTree = "<group>"; };
		DC8238BA1B90FD1700D28AFD /* MasterViewController.swift */ = {isa = PBXFileReference; lastKnownFileType = sourcecode.swift; path = MasterViewController.swift; sourceTree = "<group>"; };
		DC8238BC1B90FD1700D28AFD /* DetailViewController.swift */ = {isa = PBXFileReference; lastKnownFileType = sourcecode.swift; path = DetailViewController.swift; sourceTree = "<group>"; };
		DC8238BF1B90FD1700D28AFD /* Base */ = {isa = PBXFileReference; lastKnownFileType = file.storyboard; name = Base; path = Base.lproj/Main.storyboard; sourceTree = "<group>"; };
		DC8238C11B90FD1700D28AFD /* Images.xcassets */ = {isa = PBXFileReference; lastKnownFileType = folder.assetcatalog; path = Images.xcassets; sourceTree = "<group>"; };
		DC8238C41B90FD1700D28AFD /* Base */ = {isa = PBXFileReference; lastKnownFileType = file.xib; name = Base; path = Base.lproj/LaunchScreen.xib; sourceTree = "<group>"; };
		DC8238CA1B90FD1700D28AFD /* TestTests.xctest */ = {isa = PBXFileReference; explicitFileType = wrapper.cfbundle; includeInIndex = 0; path = TestTests.xctest; sourceTree = BUILT_PRODUCTS_DIR; };
		DC8238CF1B90FD1700D28AFD /* Info.plist */ = {isa = PBXFileReference; lastKnownFileType = text.plist.xml; path = Info.plist; sourceTree = "<group>"; };
		DC8238D01B90FD1700D28AFD /* TestTests.swift */ = {isa = PBXFileReference; lastKnownFileType = sourcecode.swift; path = TestTests.swift; sourceTree = "<group>"; };
/* End PBXFileReference section */

/* Begin PBXFrameworksBuildPhase section */
		DC8238AD1B90FD1700D28AFD /* Frameworks */ = {
			isa = PBXFrameworksBuildPhase;
			buildActionMask = 2147483647;
			files = (
			);
			runOnlyForDeploymentPostprocessing = 0;
		};
		DC8238C71B90FD1700D28AFD /* Frameworks */ = {
			isa = PBXFrameworksBuildPhase;
			buildActionMask = 2147483647;
			files = (
			);
			runOnlyForDeploymentPostprocessing = 0;
		};
/* End PBXFrameworksBuildPhase section */

/* Begin PBXGroup section */
		DC8238A71B90FD1700D28AFD = {
			isa = PBXGroup;
			children = (
				DC8238B21B90FD1700D28AFD /* Test */,
				DC8238CD1B90FD1700D28AFD /* TestTests */,
				DC8238B11B90FD1700D28AFD /* Products */,
			);
			sourceTree = "<group>";
		};
		DC8238B11B90FD1700D28AFD /* Products */ = {
			isa = PBXGroup;
			children = (
				DC8238B01B90FD1700D28AFD /* Test.app */,
				DC8238CA1B90FD1700D28AFD /* TestTests.xctest */,
			);
			name = Products;
			sourceTree = "<group>";
		};
		DC8238B21B90FD1700D28AFD /* Test */ = {
			isa = PBXGroup;
			children = (
				DC8238B51B90FD1700D28AFD /* AppDelegate.swift */,
				DC8238BA1B90FD1700D28AFD /* MasterViewController.swift */,
				DC8238BC1B90FD1700D28AFD /* DetailViewController.swift */,
				DC8238BE1B90FD1700D28AFD /* Main.storyboard */,
				DC8238C11B90FD1700D28AFD /* Images.xcassets */,
				DC8238C31B90FD1700D28AFD /* LaunchScreen.xib */,
				DC8238B71B90FD1700D28AFD /* Test.xcdatamodeld */,
				DC8238B31B90FD1700D28AFD /* Supporting Files */,
			);
			path = Test;
			sourceTree = "<group>";
		};
		DC8238B31B90FD1700D28AFD /* Supporting Files */ = {
			isa = PBXGroup;
			children = (
				DC8238B41B90FD1700D28AFD /* Info.plist */,
			);
			name = "Supporting Files";
			sourceTree = "<group>";
		};
		DC8238CD1B90FD1700D28AFD /* TestTests */ = {
			isa = PBXGroup;
			children = (
				DC8238D01B90FD1700D28AFD /* TestTests.swift */,
				DC8238CE1B90FD1700D28AFD /* Supporting Files */,
			);
			path = TestTests;
			sourceTree = "<group>";
		};
		DC8238CE1B90FD1700D28AFD /* Supporting Files */ = {
			isa = PBXGroup;
			children = (
				DC8238CF1B90FD1700D28AFD /* Info.plist */,
			);
			name = "Supporting Files";
			sourceTree = "<group>";
		};
/* End PBXGroup section */

/* Begin PBXNativeTarget section */
		DC8238AF1B90FD1700D28AFD /* Test */ = {
			isa = PBXNativeTarget;
			buildConfigurationList = DC8238D41B90FD1700D28AFD /* Build configuration list for PBXNativeTarget "Test" */;
			buildPhases = (
				DC8238AC1B90FD1700D28AFD /* Sources */,
				DC8238AD1B90FD1700D28AFD /* Frameworks */,
				DC8238AE1B90FD1700D28AFD /* Resources */,
			);
			buildRules = (
			);
			dependencies = (
			);
			name = Test;
			productName = Test;
			productReference = DC8238B01B90FD1700D28AFD /* Test.app */;
			productType = "com.apple.product-type.application";
		};
		DC8238C91B90FD1700D28AFD /* TestTests */ = {
			isa = PBXNativeTarget;
			buildConfigurationList = DC8238D71B90FD1700D28AFD /* Build configuration list for PBXNativeTarget "TestTests" */;
			buildPhases = (
				DC8238C61B90FD1700D28AFD /* Sources */,
				DC8238C71B90FD1700D28AFD /* Frameworks */,
				DC8238C81B90FD1700D28AFD /* Resources */,
			);
			buildRules = (
			);
			dependencies = (
				DC8238CC1B90FD1700D28AFD /* PBXTargetDependency */,
			);
			name = TestTests;
			productName = TestTests;
			productReference = DC8238CA1B90FD1700D28AFD /* TestTests.xctest */;
			productType = "com.apple.product-type.bundle.unit-test";
		};
/* End PBXNativeTarget section */

/* Begin PBXProject section */
		DC8238A81B90FD1700D28AFD /* Project object */ = {
			isa = PBXProject;
			attributes = {
				LastUpgradeCheck = 0640;
				ORGANIZATIONNAME = "Zygote Labs";
				TargetAttributes = {
					DC8238AF1B90FD1700D28AFD = {
						CreatedOnToolsVersion = 6.4;
					};
					DC8238C91B90FD1700D28AFD = {
						CreatedOnToolsVersion = 6.4;
						TestTargetID = DC8238AF1B90FD1700D28AFD;
					};
				};
			};
			buildConfigurationList = DC8238AB1B90FD1700D28AFD /* Build configuration list for PBXProject "Test" */;
			compatibilityVersion = "Xcode 3.2";
			developmentRegion = English;
			hasScannedForEncodings = 0;
			knownRegions = (
				en,
				Base,
			);
			mainGroup = DC8238A71B90FD1700D28AFD;
			productRefGroup = DC8238B11B90FD1700D28AFD /* Products */;
			projectDirPath = "";
			projectRoot = "";
			targets = (
				DC8238AF1B90FD1700D28AFD /* Test */,
				DC8238C91B90FD1700D28AFD /* TestTests */,
			);
		};
/* End PBXProject section */

/* Begin PBXResourcesBuildPhase section */
		DC8238AE1B90FD1700D28AFD /* Resources */ = {
			isa = PBXResourcesBuildPhase;
			buildActionMask = 2147483647;
			files = (
				DC8238C01B90FD1700D28AFD /* Main.storyboard in Resources */,
				DC8238C51B90FD1700D28AFD /* LaunchScreen.xib in Resources */,
				DC8238C21B90FD1700D28AFD /* Images.xcassets in Resources */,
			);
			runOnlyForDeploymentPostprocessing = 0;
		};
		DC8238C81B90FD1700D28AFD /* Resources */ = {
			isa = PBXResourcesBuildPhase;
			buildActionMask = 2147483647;
			files = (
			);
			runOnlyForDeploymentPostprocessing = 0;
		};
/* End PBXResourcesBuildPhase section */

/* Begin PBXSourcesBuildPhase section */
		DC8238AC1B90FD1700D28AFD /* Sources */ = {
			isa = PBXSourcesBuildPhase;
			buildActionMask = 2147483647;
			files = (
				DC8238B61B90FD1700D28AFD /* AppDelegate.swift in Sources */,
				DC8238B91B90FD1700D28AFD /* Test.xcdatamodeld in Sources */,
				DC8238BB1B90FD1700D28AFD /* MasterViewController.swift in Sources */,
				DC8238BD1B90FD1700D28AFD /* DetailViewController.swift in Sources */,
			);
			runOnlyForDeploymentPostprocessing = 0;
		};
		DC8238C61B90FD1700D28AFD /* Sources */ = {
			isa = PBXSourcesBuildPhase;
			buildActionMask = 2147483647;
			files = (
				DC8238D11B90FD1700D28AFD /* TestTests.swift in Sources */,
			);
			runOnlyForDeploymentPostprocessing = 0;
		};
/* End PBXSourcesBuildPhase section */

/* Begin PBXTargetDependency section */
		DC8238CC1B90FD1700D28AFD /* PBXTargetDependency */ = {
			isa = PBXTargetDependency;
			target = DC8238AF1B90FD1700D28AFD /* Test */;
			targetProxy = DC8238CB1B90FD1700D28AFD /* PBXContainerItemProxy */;
		};
/* End PBXTargetDependency section */

/* Begin PBXVariantGroup section */
		DC8238BE1B90FD1700D28AFD /* Main.storyboard */ = {
			isa = PBXVariantGroup;
			children = (
				DC8238BF1B90FD1700D28AFD /* Base */,
			);
			name = Main.storyboard;
			sourceTree = "<group>";
		};
		DC8238C31B90FD1700D28AFD /* LaunchScreen.xib */ = {
			isa = PBXVariantGroup;
			children = (
				DC8238C41B90FD1700D28AFD /* Base */,
			);
			name = LaunchScreen.xib;
			sourceTree = "<group>";
		};
/* End PBXVariantGroup section */

/* Begin XCBuildConfiguration section */
		DC8238D21B90FD1700D28AFD /* Debug */ = {
			isa = XCBuildConfiguration;
			buildSettings = {
				ALWAYS_SEARCH_USER_PATHS = NO;
				CLANG_CXX_LANGUAGE_STANDARD = "gnu++0x";
				CLANG_CXX_LIBRARY = "libc++";
				CLANG_ENABLE_MODULES = YES;
				CLANG_ENABLE_OBJC_ARC = YES;
				CLANG_WARN_BOOL_CONVERSION = YES;
				CLANG_WARN_CONSTANT_CONVERSION = YES;
				CLANG_WARN_DIRECT_OBJC_ISA_USAGE = YES_ERROR;
				CLANG_WARN_EMPTY_BODY = YES;
				CLANG_WARN_ENUM_CONVERSION = YES;
				CLANG_WARN_INT_CONVERSION = YES;
				CLANG_WARN_OBJC_ROOT_CLASS = YES_ERROR;
				CLANG_WARN_UNREACHABLE_CODE = YES;
				CLANG_WARN__DUPLICATE_METHOD_MATCH = YES;
				"CODE_SIGN_IDENTITY[sdk=iphoneos*]" = "iPhone Developer";
				COPY_PHASE_STRIP = NO;
				DEBUG_INFORMATION_FORMAT = "dwarf-with-dsym";
				ENABLE_STRICT_OBJC_MSGSEND = YES;
				GCC_C_LANGUAGE_STANDARD = gnu99;
				GCC_DYNAMIC_NO_PIC = NO;
				GCC_NO_COMMON_BLOCKS = YES;
				GCC_OPTIMIZATION_LEVEL = 0;
				GCC_PREPROCESSOR_DEFINITIONS = (
					"DEBUG=1",
					"$(inherited)",
				);
				GCC_SYMBOLS_PRIVATE_EXTERN = NO;
				GCC_WARN_64_TO_32_BIT_CONVERSION = YES;
				GCC_WARN_ABOUT_RETURN_TYPE = YES_ERROR;
				GCC_WARN_UNDECLARED_SELECTOR = YES;
				GCC_WARN_UNINITIALIZED_AUTOS = YES_AGGRESSIVE;
				GCC_WARN_UNUSED_FUNCTION = YES;
				GCC_WARN_UNUSED_VARIABLE = YES;
				IPHONEOS_DEPLOYMENT_TARGET = 8.4;
				MTL_ENABLE_DEBUG_INFO = YES;
				ONLY_ACTIVE_ARCH = YES;
				SDKROOT = iphoneos;
				SWIFT_OPTIMIZATION_LEVEL = "-Onone";
			};
			name = Debug;
		};
		DC8238D31B90FD1700D28AFD /* Release */ = {
			isa = XCBuildConfiguration;
			buildSettings = {
				ALWAYS_SEARCH_USER_PATHS = NO;
				CLANG_CXX_LANGUAGE_STANDARD = "gnu++0x";
				CLANG_CXX_LIBRARY = "libc++";
				CLANG_ENABLE_MODULES = YES;
				CLANG_ENABLE_OBJC_ARC = YES;
				CLANG_WARN_BOOL_CONVERSION = YES;
				CLANG_WARN_CONSTANT_CONVERSION = YES;
				CLANG_WARN_DIRECT_OBJC_ISA_USAGE = YES_ERROR;
				CLANG_WARN_EMPTY_BODY = YES;
				CLANG_WARN_ENUM_CONVERSION = YES;
				CLANG_WARN_INT_CONVERSION = YES;
				CLANG_WARN_OBJC_ROOT_CLASS = YES_ERROR;
				CLANG_WARN_UNREACHABLE_CODE = YES;
				CLANG_WARN__DUPLICATE_METHOD_MATCH = YES;
				"CODE_SIGN_IDENTITY[sdk=iphoneos*]" = "iPhone Developer";
				COPY_PHASE_STRIP = NO;
				DEBUG_INFORMATION_FORMAT = "dwarf-with-dsym";
				ENABLE_NS_ASSERTIONS = NO;
				ENABLE_STRICT_OBJC_MSGSEND = YES;
				GCC_C_LANGUAGE_STANDARD = gnu99;
				GCC_NO_COMMON_BLOCKS = YES;
				GCC_WARN_64_TO_32_BIT_CONVERSION = YES;
				GCC_WARN_ABOUT_RETURN_TYPE = YES_ERROR;
				GCC_WARN_UNDECLARED_SELECTOR = YES;
				GCC_WARN_UNINITIALIZED_AUTOS = YES_AGGRESSIVE;
				GCC_WARN_UNUSED_FUNCTION = YES;
				GCC_WARN_UNUSED_VARIABLE = YES;
				IPHONEOS_DEPLOYMENT_TARGET = 8.4;
				MTL_ENABLE_DEBUG_INFO = NO;
				SDKROOT = iphoneos;
				VALIDATE_PRODUCT = YES;
			};
			name = Release;
		};
		DC8238D51B90FD1700D28AFD /* Debug */ = {
			isa = XCBuildConfiguration;
			buildSettings = {
				ASSETCATALOG_COMPILER_APPICON_NAME = AppIcon;
				INFOPLIST_FILE = Test/Info.plist;
				LD_RUNPATH_SEARCH_PATHS = "$(inherited) @executable_path/Frameworks";
				PRODUCT_NAME = "$(TARGET_NAME)";
			};
			name = Debug;
		};
		DC8238D61B90FD1700D28AFD /* Release */ = {
			isa = XCBuildConfiguration;
			buildSettings = {
				ASSETCATALOG_COMPILER_APPICON_NAME = AppIcon;
				INFOPLIST_FILE = Test/Info.plist;
				LD_RUNPATH_SEARCH_PATHS = "$(inherited) @executable_path/Frameworks";
				PRODUCT_NAME = "$(TARGET_NAME)";
			};
			name = Release;
		};
		DC8238D81B90FD1700D28AFD /* Debug */ = {
			isa = XCBuildConfiguration;
			buildSettings = {
				BUNDLE_LOADER = "$(TEST_HOST)";
				FRAMEWORK_SEARCH_PATHS = (
					"$(SDKROOT)/Developer/Library/Frameworks",
					"$(inherited)",
				);
				GCC_PREPROCESSOR_DEFINITIONS = (
					"DEBUG=1",
					"$(inherited)",
				);
				INFOPLIST_FILE = TestTests/Info.plist;
				LD_RUNPATH_SEARCH_PATHS = "$(inherited) @executable_path/Frameworks @loader_path/Frameworks";
				PRODUCT_NAME = "$(TARGET_NAME)";
				TEST_HOST = "$(BUILT_PRODUCTS_DIR)/Test.app/Test";
			};
			name = Debug;
		};
		DC8238D91B90FD1700D28AFD /* Release */ = {
			isa = XCBuildConfiguration;
			buildSettings = {
				BUNDLE_LOADER = "$(TEST_HOST)";
				FRAMEWORK_SEARCH_PATHS = (
					"$(SDKROOT)/Developer/Library/Frameworks",
					"$(inherited)",
				);
				INFOPLIST_FILE = TestTests/Info.plist;
				LD_RUNPATH_SEARCH_PATHS = "$(inherited) @executable_path/Frameworks @loader_path/Frameworks";
				PRODUCT_NAME = "$(TARGET_NAME)";
				TEST_HOST = "$(BUILT_PRODUCTS_DIR)/Test.app/Test";
			};
			name = Release;
		};
/* End XCBuildConfiguration section */

/* Begin XCConfigurationList section */
		DC8238AB1B90FD1700D28AFD /* Build configuration list for PBXProject "Test" */ = {
			isa = XCConfigurationList;
			buildConfigurations = (
				DC8238D21B90FD1700D28AFD /* Debug */,
				DC8238D31B90FD1700D28AFD /* Release */,
			);
			defaultConfigurationIsVisible = 0;
			defaultConfigurationName = Release;
		};
		DC8238D41B90FD1700D28AFD /* Build configuration list for PBXNativeTarget "Test" */ = {
			isa = XCConfigurationList;
			buildConfigurations = (
				DC8238D51B90FD1700D28AFD /* Debug */,
				DC8238D61B90FD1700D28AFD /* Release */,
			);
			defaultConfigurationIsVisible = 0;
		};
		DC8238D71B90FD1700D28AFD /* Build configuration list for PBXNativeTarget "TestTests" */ = {
			isa = XCConfigurationList;
			buildConfigurations = (
				DC8238D81B90FD1700D28AFD /* Debug */,
				DC8238D91B90FD1700D28AFD /* Release */,
			);
			defaultConfigurationIsVisible = 0;
		};
/* End XCConfigurationList section */

/* Begin XCVersionGroup section */
		DC8238B71B90FD1700D28AFD /* Test.xcdatamodeld */ = {
			isa = XCVersionGroup;
			children = (
				DC8238B81B90FD1700D28AFD /* Test.xcdatamodel */,
			);
			currentVersion = DC8238B81B90FD1700D28AFD /* Test.xcdatamodel */;
			path = Test.xcdatamodeld;
			sourceTree = "<group>";
			versionGroupType = wrapper.xcdatamodel;
		};
/* End XCVersionGroup section */
	};
	rootObject = DC8238A81B90FD1700D28AFD /* Project object */;
}
